# This file is automatically @generated by Poetry 1.8.3 and should not be changed by hand.

[[package]]
name = "geojson"
version = "3.1.0"
description = "Python bindings and utilities for GeoJSON"
optional = false
python-versions = ">=3.7"
files = [
    {file = "geojson-3.1.0-py3-none-any.whl", hash = "sha256:68a9771827237adb8c0c71f8527509c8f5bef61733aa434cefc9c9d4f0ebe8f3"},
    {file = "geojson-3.1.0.tar.gz", hash = "sha256:58a7fa40727ea058efc28b0e9ff0099eadf6d0965e04690830208d3ef571adac"},
]

[metadata]
lock-version = "2.0"
python-versions = "^3.10"
content-hash = "a8dc7387de3bc8512d8feba5791de32d8e822d8ceebe00fb395b366543725a1a"
